// !$*UTF8*$!
{
	archiveVersion = 1;
	classes = {
	};
	objectVersion = 77;
	objects = {

/* Begin PBXBuildFile section */
        A15C20260911000000000001 /* AlipaySDK.xcframework in Frameworks */ = {isa = PBXBuildFile; fileRef = A15C20260911000000000002; };
        A15C20260911000000000003 /* AlipaySDK.bundle in Resources */ = {isa = PBXBuildFile; fileRef = A15C20260911000000000004; };
        A15C1E6A2026090900000001 /* terms.html in Resources */ = {isa = PBXBuildFile; fileRef = A15C1E6A2026090900000003 /* terms.html */; };
        A15C1E6A2026090900000002 /* privacy.html in Resources */ = {isa = PBXBuildFile; fileRef = A15C1E6A2026090900000004 /* privacy.html */; };
		8D7D0A9A2C0E4C3F9D6B2A13 /* LookinServer in Frameworks */ = {isa = PBXBuildFile; productRef = 8D7D0A9A2C0E4C3F9D6B2A12 /* LookinServer */; };
/* End PBXBuildFile section */

/* Begin PBXContainerItemProxy section */
		DE4E1A272EB8576E006F59CE /* PBXContainerItemProxy */ = {
			isa = PBXContainerItemProxy;
			containerPortal = DE4E1A0F2EB8576C006F59CE /* Project object */;
			proxyType = 1;
			remoteGlobalIDString = DE4E1A162EB8576C006F59CE;
			remoteInfo = AIskin;
		};
		DE4E1A312EB8576E006F59CE /* PBXContainerItemProxy */ = {
			isa = PBXContainerItemProxy;
			containerPortal = DE4E1A0F2EB8576C006F59CE /* Project object */;
			proxyType = 1;
			remoteGlobalIDString = DE4E1A162EB8576C006F59CE;
			remoteInfo = AIskin;
		};
/* End PBXContainerItemProxy section */

/* Begin PBXFileReference section */
        A15C20260911000000000002 /* AlipaySDK.xcframework */ = {isa = PBXFileReference; lastKnownFileType = wrapper.xcframework; path = Vendor/AlipaySDK/15.8.30/AlipaySDK.xcframework; sourceTree = SOURCE_ROOT; };
        A15C20260911000000000004 /* AlipaySDK.bundle */ = {isa = PBXFileReference; lastKnownFileType = wrapper.plug-in; path = Vendor/AlipaySDK/15.8.30/AlipaySDK.bundle; sourceTree = SOURCE_ROOT; };
        A15C1E6A2026090900000003 /* terms.html */ = {isa = PBXFileReference; lastKnownFileType = text.html; path = "public-pages/terms.html"; sourceTree = SOURCE_ROOT; };
        A15C1E6A2026090900000004 /* privacy.html */ = {isa = PBXFileReference; lastKnownFileType = text.html; path = "public-pages/privacy.html"; sourceTree = SOURCE_ROOT; };
		DE4E1A172EB8576C006F59CE /* AIskin.app */ = {isa = PBXFileReference; explicitFileType = wrapper.application; includeInIndex = 0; path = AIskin.app; sourceTree = BUILT_PRODUCTS_DIR; };
		DE4E1A262EB8576E006F59CE /* AIskinTests.xctest */ = {isa = PBXFileReference; explicitFileType = wrapper.cfbundle; includeInIndex = 0; path = AIskinTests.xctest; sourceTree = BUILT_PRODUCTS_DIR; };
		DE4E1A302EB8576E006F59CE /* AIskinUITests.xctest */ = {isa = PBXFileReference; explicitFileType = wrapper.cfbundle; includeInIndex = 0; path = AIskinUITests.xctest; sourceTree = BUILT_PRODUCTS_DIR; };
/* End PBXFileReference section */

/* Begin PBXFileSystemSynchronizedRootGroup section */
		DE4E1A192EB8576C006F59CE /* AIskin */ = {
			isa = PBXFileSystemSynchronizedRootGroup;
			path = AIskin;
			sourceTree = "<group>";
		};
		DE4E1A292EB8576E006F59CE /* AIskinTests */ = {
			isa = PBXFileSystemSynchronizedRootGroup;
			path = AIskinTests;
			sourceTree = "<group>";
		};
		DE4E1A332EB8576E006F59CE /* AIskinUITests */ = {
			isa = PBXFileSystemSynchronizedRootGroup;
			path = AIskinUITests;
			sourceTree = "<group>";
		};
/* End PBXFileSystemSynchronizedRootGroup section */

/* Begin PBXFrameworksBuildPhase section */
		DE4E1A142EB8576C006F59CE /* Frameworks */ = {
			isa = PBXFrameworksBuildPhase;
			buildActionMask = 2147483647;
			files = (
				8D7D0A9A2C0E4C3F9D6B2A13 /* LookinServer in Frameworks */,
                A15C20260911000000000001 /* AlipaySDK.xcframework in Frameworks */,
			);
			runOnlyForDeploymentPostprocessing = 0;
		};
		DE4E1A232EB8576E006F59CE /* Frameworks */ = {
			isa = PBXFrameworksBuildPhase;
			buildActionMask = 2147483647;
			files = (
			);
			runOnlyForDeploymentPostprocessing = 0;
		};
		DE4E1A2D2EB8576E006F59CE /* Frameworks */ = {
			isa = PBXFrameworksBuildPhase;
			buildActionMask = 2147483647;
			files = (
			);
			runOnlyForDeploymentPostprocessing = 0;
		};
/* End PBXFrameworksBuildPhase section */

/* Begin PBXGroup section */
		DE4E1A0E2EB8576C006F59CE = {
			isa = PBXGroup;
			children = (
				DE4E1A192EB8576C006F59CE /* AIskin */,
                A15C20260911000000000002 /* AlipaySDK.xcframework */,
                A15C20260911000000000004 /* AlipaySDK.bundle */,
				DE4E1A292EB8576E006F59CE /* AIskinTests */,
				DE4E1A332EB8576E006F59CE /* AIskinUITests */,
                A15C1E6A2026090900000003 /* terms.html */,
                A15C1E6A2026090900000004 /* privacy.html */,
				DE4E1A182EB8576C006F59CE /* Products */,
			);
			sourceTree = "<group>";
		};
		DE4E1A182EB8576C006F59CE /* Products */ = {
			isa = PBXGroup;
			children = (
				DE4E1A172EB8576C006F59CE /* AIskin.app */,
				DE4E1A262EB8576E006F59CE /* AIskinTests.xctest */,
				DE4E1A302EB8576E006F59CE /* AIskinUITests.xctest */,
			);
			name = Products;
			sourceTree = "<group>";
		};
/* End PBXGroup section */

/* Begin PBXNativeTarget section */
		DE4E1A162EB8576C006F59CE /* AIskin */ = {
			isa = PBXNativeTarget;
			buildConfigurationList = DE4E1A3A2EB8576E006F59CE /* Build configuration list for PBXNativeTarget "AIskin" */;
			buildPhases = (
				DE4E1A132EB8576C006F59CE /* Sources */,
				DE4E1A142EB8576C006F59CE /* Frameworks */,
				DE4E1A152EB8576C006F59CE /* Resources */,
			);
			buildRules = (
			);
			dependencies = (
			);
			fileSystemSynchronizedGroups = (
				DE4E1A192EB8576C006F59CE /* AIskin */,
			);
			name = AIskin;
			packageProductDependencies = (
				8D7D0A9A2C0E4C3F9D6B2A12 /* LookinServer */,
			);
			productName = AIskin;
			productReference = DE4E1A172EB8576C006F59CE /* AIskin.app */;
			productType = "com.apple.product-type.application";
		};
		DE4E1A252EB8576E006F59CE /* AIskinTests */ = {
			isa = PBXNativeTarget;
			buildConfigurationList = DE4E1A3D2EB8576E006F59CE /* Build configuration list for PBXNativeTarget "AIskinTests" */;
			buildPhases = (
				DE4E1A222EB8576E006F59CE /* Sources */,
				DE4E1A232EB8576E006F59CE /* Frameworks */,
				DE4E1A242EB8576E006F59CE /* Resources */,
			);
			buildRules = (
			);
			dependencies = (
				DE4E1A282EB8576E006F59CE /* PBXTargetDependency */,
			);
			fileSystemSynchronizedGroups = (
				DE4E1A292EB8576E006F59CE /* AIskinTests */,
			);
			name = AIskinTests;
			packageProductDependencies = (
			);
			productName = AIskinTests;
			productReference = DE4E1A262EB8576E006F59CE /* AIskinTests.xctest */;
			productType = "com.apple.product-type.bundle.unit-test";
		};
		DE4E1A2F2EB8576E006F59CE /* AIskinUITests */ = {
			isa = PBXNativeTarget;
			buildConfigurationList = DE4E1A402EB8576E006F59CE /* Build configuration list for PBXNativeTarget "AIskinUITests" */;
			buildPhases = (
				DE4E1A2C2EB8576E006F59CE /* Sources */,
				DE4E1A2D2EB8576E006F59CE /* Frameworks */,
				DE4E1A2E2EB8576E006F59CE /* Resources */,
			);
			buildRules = (
			);
			dependencies = (
				DE4E1A322EB8576E006F59CE /* PBXTargetDependency */,
			);
			fileSystemSynchronizedGroups = (
				DE4E1A332EB8576E006F59CE /* AIskinUITests */,
			);
			name = AIskinUITests;
			packageProductDependencies = (
			);
			productName = AIskinUITests;
			productReference = DE4E1A302EB8576E006F59CE /* AIskinUITests.xctest */;
			productType = "com.apple.product-type.bundle.ui-testing";
		};
/* End PBXNativeTarget section */

/* Begin PBXProject section */
		DE4E1A0F2EB8576C006F59CE /* Project object */ = {
			isa = PBXProject;
			attributes = {
				BuildIndependentTargetsInParallel = 1;
				LastSwiftUpdateCheck = 2600;
				LastUpgradeCheck = 2600;
				TargetAttributes = {
					DE4E1A162EB8576C006F59CE = {
						CreatedOnToolsVersion = 26.0.1;
					};
					DE4E1A252EB8576E006F59CE = {
						CreatedOnToolsVersion = 26.0.1;
						TestTargetID = DE4E1A162EB8576C006F59CE;
					};
					DE4E1A2F2EB8576E006F59CE = {
						CreatedOnToolsVersion = 26.0.1;
						TestTargetID = DE4E1A162EB8576C006F59CE;
					};
				};
			};
			buildConfigurationList = DE4E1A122EB8576C006F59CE /* Build configuration list for PBXProject "AIskin" */;
			developmentRegion = en;
			hasScannedForEncodings = 0;
			knownRegions = (
				en,
				"zh-Hans",
				Base,
			);
			mainGroup = DE4E1A0E2EB8576C006F59CE;
			minimizedProjectReferenceProxies = 1;
			packageReferences = (
				8D7D0A9A2C0E4C3F9D6B2A11 /* XCRemoteSwiftPackageReference "LookinServer" */,
			);
			preferredProjectObjectVersion = 77;
			productRefGroup = DE4E1A182EB8576C006F59CE /* Products */;
			projectDirPath = "";
			projectRoot = "";
			targets = (
				DE4E1A162EB8576C006F59CE /* AIskin */,
				DE4E1A252EB8576E006F59CE /* AIskinTests */,
				DE4E1A2F2EB8576E006F59CE /* AIskinUITests */,
			);
		};
/* End PBXProject section */

/* Begin PBXResourcesBuildPhase section */
		DE4E1A152EB8576C006F59CE /* Resources */ = {
			isa = PBXResourcesBuildPhase;
			buildActionMask = 2147483647;
			files = (
                A15C1E6A2026090900000001 /* terms.html in Resources */,
                A15C20260911000000000003 /* AlipaySDK.bundle in Resources */,
                A15C1E6A2026090900000002 /* privacy.html in Resources */,
			);
			runOnlyForDeploymentPostprocessing = 0;
		};
		DE4E1A242EB8576E006F59CE /* Resources */ = {
			isa = PBXResourcesBuildPhase;
			buildActionMask = 2147483647;
			files = (
			);
			runOnlyForDeploymentPostprocessing = 0;
		};
		DE4E1A2E2EB8576E006F59CE /* Resources */ = {
			isa = PBXResourcesBuildPhase;
			buildActionMask = 2147483647;
			files = (
			);
			runOnlyForDeploymentPostprocessing = 0;
		};
/* End PBXResourcesBuildPhase section */

/* Begin PBXSourcesBuildPhase section */
		DE4E1A132EB8576C006F59CE /* Sources */ = {
			isa = PBXSourcesBuildPhase;
			buildActionMask = 2147483647;
			files = (
			);
			runOnlyForDeploymentPostprocessing = 0;
		};
		DE4E1A222EB8576E006F59CE /* Sources */ = {
			isa = PBXSourcesBuildPhase;
			buildActionMask = 2147483647;
			files = (
			);
			runOnlyForDeploymentPostprocessing = 0;
		};
		DE4E1A2C2EB8576E006F59CE /* Sources */ = {
			isa = PBXSourcesBuildPhase;
			buildActionMask = 2147483647;
			files = (
			);
			runOnlyForDeploymentPostprocessing = 0;
		};
/* End PBXSourcesBuildPhase section */

/* Begin PBXTargetDependency section */
		DE4E1A282EB8576E006F59CE /* PBXTargetDependency */ = {
			isa = PBXTargetDependency;
			target = DE4E1A162EB8576C006F59CE /* AIskin */;
			targetProxy = DE4E1A272EB8576E006F59CE /* PBXContainerItemProxy */;
		};
		DE4E1A322EB8576E006F59CE /* PBXTargetDependency */ = {
			isa = PBXTargetDependency;
			target = DE4E1A162EB8576C006F59CE /* AIskin */;
			targetProxy = DE4E1A312EB8576E006F59CE /* PBXContainerItemProxy */;
		};
/* End PBXTargetDependency section */

/* Begin XCBuildConfiguration section */
		DE4E1A382EB8576E006F59CE /* Debug */ = {
			isa = XCBuildConfiguration;
			buildSettings = {
				ALWAYS_SEARCH_USER_PATHS = NO;
				ASSETCATALOG_COMPILER_GENERATE_SWIFT_ASSET_SYMBOL_EXTENSIONS = YES;
				CLANG_ANALYZER_NONNULL = YES;
				CLANG_ANALYZER_NUMBER_OBJECT_CONVERSION = YES_AGGRESSIVE;
				CLANG_CXX_LANGUAGE_STANDARD = "gnu++20";
				CLANG_ENABLE_MODULES = YES;
				CLANG_ENABLE_OBJC_ARC = YES;
				CLANG_ENABLE_OBJC_WEAK = YES;
				CLANG_WARN_BLOCK_CAPTURE_AUTORELEASING = YES;
				CLANG_WARN_BOOL_CONVERSION = YES;
				CLANG_WARN_COMMA = YES;
				CLANG_WARN_CONSTANT_CONVERSION = YES;
				CLANG_WARN_DEPRECATED_OBJC_IMPLEMENTATIONS = YES;
				CLANG_WARN_DIRECT_OBJC_ISA_USAGE = YES_ERROR;
				CLANG_WARN_DOCUMENTATION_COMMENTS = YES;
				CLANG_WARN_EMPTY_BODY = YES;
				CLANG_WARN_ENUM_CONVERSION = YES;
				CLANG_WARN_INFINITE_RECURSION = YES;
				CLANG_WARN_INT_CONVERSION = YES;
				CLANG_WARN_NON_LITERAL_NULL_CONVERSION = YES;
				CLANG_WARN_OBJC_IMPLICIT_RETAIN_SELF = YES;
				CLANG_WARN_OBJC_LITERAL_CONVERSION = YES;
				CLANG_WARN_OBJC_ROOT_CLASS = YES_ERROR;
				CLANG_WARN_QUOTED_INCLUDE_IN_FRAMEWORK_HEADER = YES;
				CLANG_WARN_RANGE_LOOP_ANALYSIS = YES;
				CLANG_WARN_STRICT_PROTOTYPES = YES;
				CLANG_WARN_SUSPICIOUS_MOVE = YES;
				CLANG_WARN_UNGUARDED_AVAILABILITY = YES_AGGRESSIVE;
				CLANG_WARN_UNREACHABLE_CODE = YES;
				CLANG_WARN__DUPLICATE_METHOD_MATCH = YES;
				COPY_PHASE_STRIP = NO;
				DEBUG_INFORMATION_FORMAT = dwarf;
				ENABLE_STRICT_OBJC_MSGSEND = YES;
				ENABLE_TESTABILITY = YES;
				ENABLE_USER_SCRIPT_SANDBOXING = YES;
				GCC_C_LANGUAGE_STANDARD = gnu17;
				GCC_DYNAMIC_NO_PIC = NO;
				GCC_NO_COMMON_BLOCKS = YES;
				GCC_OPTIMIZATION_LEVEL = 0;
				GCC_PREPROCESSOR_DEFINITIONS = (
					"DEBUG=1",
					"$(inherited)",
				);
				GCC_WARN_64_TO_32_BIT_CONVERSION = YES;
				GCC_WARN_ABOUT_RETURN_TYPE = YES_ERROR;
				GCC_WARN_UNDECLARED_SELECTOR = YES;
				GCC_WARN_UNINITIALIZED_AUTOS = YES_AGGRESSIVE;
				GCC_WARN_UNUSED_FUNCTION = YES;
				GCC_WARN_UNUSED_VARIABLE = YES;
				IPHONEOS_DEPLOYMENT_TARGET = 17.6;
				LOCALIZATION_PREFERS_STRING_CATALOGS = YES;
				MTL_ENABLE_DEBUG_INFO = INCLUDE_SOURCE;
				MTL_FAST_MATH = YES;
				ONLY_ACTIVE_ARCH = YES;
				SDKROOT = iphoneos;
				SWIFT_ACTIVE_COMPILATION_CONDITIONS = "DEBUG $(inherited)";
				SWIFT_OPTIMIZATION_LEVEL = "-Onone";
			};
			name = Debug;
		};
		DE4E1A392EB8576E006F59CE /* Release */ = {
			isa = XCBuildConfiguration;
			buildSettings = {
				ALWAYS_SEARCH_USER_PATHS = NO;
				ASSETCATALOG_COMPILER_GENERATE_SWIFT_ASSET_SYMBOL_EXTENSIONS = YES;
				CLANG_ANALYZER_NONNULL = YES;
				CLANG_ANALYZER_NUMBER_OBJECT_CONVERSION = YES_AGGRESSIVE;
				CLANG_CXX_LANGUAGE_STANDARD = "gnu++20";
				CLANG_ENABLE_MODULES = YES;
				CLANG_ENABLE_OBJC_ARC = YES;
				CLANG_ENABLE_OBJC_WEAK = YES;
				CLANG_WARN_BLOCK_CAPTURE_AUTORELEASING = YES;
				CLANG_WARN_BOOL_CONVERSION = YES;
				CLANG_WARN_COMMA = YES;
				CLANG_WARN_CONSTANT_CONVERSION = YES;
				CLANG_WARN_DEPRECATED_OBJC_IMPLEMENTATIONS = YES;
				CLANG_WARN_DIRECT_OBJC_ISA_USAGE = YES_ERROR;
				CLANG_WARN_DOCUMENTATION_COMMENTS = YES;
				CLANG_WARN_EMPTY_BODY = YES;
				CLANG_WARN_ENUM_CONVERSION = YES;
				CLANG_WARN_INFINITE_RECURSION = YES;
				CLANG_WARN_INT_CONVERSION = YES;
				CLANG_WARN_NON_LITERAL_NULL_CONVERSION = YES;
				CLANG_WARN_OBJC_IMPLICIT_RETAIN_SELF = YES;
				CLANG_WARN_OBJC_LITERAL_CONVERSION = YES;
				CLANG_WARN_OBJC_ROOT_CLASS = YES_ERROR;
				CLANG_WARN_QUOTED_INCLUDE_IN_FRAMEWORK_HEADER = YES;
				CLANG_WARN_RANGE_LOOP_ANALYSIS = YES;
				CLANG_WARN_STRICT_PROTOTYPES = YES;
				CLANG_WARN_SUSPICIOUS_MOVE = YES;
				CLANG_WARN_UNGUARDED_AVAILABILITY = YES_AGGRESSIVE;
				CLANG_WARN_UNREACHABLE_CODE = YES;
				CLANG_WARN__DUPLICATE_METHOD_MATCH = YES;
				COPY_PHASE_STRIP = NO;
				DEBUG_INFORMATION_FORMAT = "dwarf-with-dsym";
				ENABLE_NS_ASSERTIONS = NO;
				ENABLE_STRICT_OBJC_MSGSEND = YES;
				ENABLE_USER_SCRIPT_SANDBOXING = YES;
				GCC_C_LANGUAGE_STANDARD = gnu17;
				GCC_NO_COMMON_BLOCKS = YES;
				GCC_WARN_64_TO_32_BIT_CONVERSION = YES;
				GCC_WARN_ABOUT_RETURN_TYPE = YES_ERROR;
				GCC_WARN_UNDECLARED_SELECTOR = YES;
				GCC_WARN_UNINITIALIZED_AUTOS = YES_AGGRESSIVE;
				GCC_WARN_UNUSED_FUNCTION = YES;
				GCC_WARN_UNUSED_VARIABLE = YES;
				IPHONEOS_DEPLOYMENT_TARGET = 17.6;
				LOCALIZATION_PREFERS_STRING_CATALOGS = YES;
				MTL_ENABLE_DEBUG_INFO = NO;
				MTL_FAST_MATH = YES;
				SDKROOT = iphoneos;
				SWIFT_COMPILATION_MODE = wholemodule;
				VALIDATE_PRODUCT = YES;
			};
			name = Release;
		};
		DE4E1A3B2EB8576E006F59CE /* Debug */ = {
			isa = XCBuildConfiguration;
			buildSettings = {
				AISKIN_DEVICE_API_BASE_URL = "http://MacBook-Pro-107.local:5001/api";
				ASSETCATALOG_COMPILER_APPICON_NAME = AppIcon;
				CODE_SIGN_ENTITLEMENTS = AIskin/AIskin.entitlements;
				ASSETCATALOG_COMPILER_GLOBAL_ACCENT_COLOR_NAME = AccentColor;
				CODE_SIGN_STYLE = Automatic;
				CURRENT_PROJECT_VERSION = 1;
				DEVELOPMENT_TEAM = 9CUS5VPDW7;
				ENABLE_PREVIEWS = YES;
				GENERATE_INFOPLIST_FILE = YES;
				INFOPLIST_FILE = "Config/Debug-Info.plist";
				INFOPLIST_KEY_NSCameraUsageDescription = "用于拍摄产品成分表或面部照片，进行成分识别与肌肤分析";
				INFOPLIST_KEY_NSPhotoLibraryUsageDescription = "用于选择产品成分表或面部照片，进行成分识别与肌肤分析";
				INFOPLIST_KEY_UIApplicationSceneManifest_Generation = YES;
				INFOPLIST_KEY_UIApplicationSupportsIndirectInputEvents = YES;
				INFOPLIST_KEY_UILaunchScreen_Generation = YES;
				INFOPLIST_KEY_UISupportedInterfaceOrientations = UIInterfaceOrientationPortrait;
				INFOPLIST_KEY_UISupportedInterfaceOrientations_iPad = "UIInterfaceOrientationLandscapeLeft UIInterfaceOrientationLandscapeRight UIInterfaceOrientationPortrait UIInterfaceOrientationPortraitUpsideDown";
				IPHONEOS_DEPLOYMENT_TARGET = 17.6;
				LD_RUNPATH_SEARCH_PATHS = (
					"$(inherited)",
					"@executable_path/Frameworks",
				);
				MARKETING_VERSION = 1.0.0;
				PRODUCT_BUNDLE_IDENTIFIER = personal.AIskin;
                OTHER_LDFLAGS = "$(inherited) -ObjC -lc++ -lz -framework UIKit -framework Foundation -framework CFNetwork -framework SystemConfiguration -framework QuartzCore -framework CoreGraphics -framework CoreMotion -framework CoreTelephony -framework CoreText -framework WebKit";
				PRODUCT_NAME = "$(TARGET_NAME)";
				STRING_CATALOG_GENERATE_SYMBOLS = YES;
				SUPPORTED_PLATFORMS = "iphoneos iphonesimulator";
				SUPPORTS_MACCATALYST = NO;
				SUPPORTS_MAC_DESIGNED_FOR_IPHONE_IPAD = NO;
				SUPPORTS_XR_DESIGNED_FOR_IPHONE_IPAD = NO;
				SWIFT_APPROACHABLE_CONCURRENCY = YES;
				SWIFT_DEFAULT_ACTOR_ISOLATION = MainActor;
				SWIFT_EMIT_LOC_STRINGS = YES;
				SWIFT_UPCOMING_FEATURE_MEMBER_IMPORT_VISIBILITY = YES;
				SWIFT_VERSION = 5.0;
				TARGETED_DEVICE_FAMILY = 1;
			};
			name = Debug;
		};
		DE4E1A3C2EB8576E006F59CE /* Release */ = {
			isa = XCBuildConfiguration;
			buildSettings = {
				ASSETCATALOG_COMPILER_APPICON_NAME = AppIcon;
				CODE_SIGN_ENTITLEMENTS = AIskin/AIskin.entitlements;
				ASSETCATALOG_COMPILER_GLOBAL_ACCENT_COLOR_NAME = AccentColor;
				CODE_SIGN_STYLE = Automatic;
				CURRENT_PROJECT_VERSION = 1;
				DEVELOPMENT_TEAM = 9CUS5VPDW7;
				ENABLE_PREVIEWS = YES;
				GENERATE_INFOPLIST_FILE = YES;
                INFOPLIST_FILE = "Config/Release-Info.plist";
				INFOPLIST_KEY_NSCameraUsageDescription = "用于拍摄产品成分表或面部照片，进行成分识别与肌肤分析";
				INFOPLIST_KEY_NSPhotoLibraryUsageDescription = "用于选择产品成分表或面部照片，进行成分识别与肌肤分析";
				INFOPLIST_KEY_UIApplicationSceneManifest_Generation = YES;
				INFOPLIST_KEY_UIApplicationSupportsIndirectInputEvents = YES;
				INFOPLIST_KEY_UILaunchScreen_Generation = YES;
				INFOPLIST_KEY_UISupportedInterfaceOrientations = UIInterfaceOrientationPortrait;
				INFOPLIST_KEY_UISupportedInterfaceOrientations_iPad = "UIInterfaceOrientationLandscapeLeft UIInterfaceOrientationLandscapeRight UIInterfaceOrientationPortrait UIInterfaceOrientationPortraitUpsideDown";
				IPHONEOS_DEPLOYMENT_TARGET = 17.6;
				LD_RUNPATH_SEARCH_PATHS = (
					"$(inherited)",
					"@executable_path/Frameworks",
				);
				MARKETING_VERSION = 1.0.0;
				PRODUCT_BUNDLE_IDENTIFIER = personal.AIskin;
                OTHER_LDFLAGS = "$(inherited) -ObjC -lc++ -lz -framework UIKit -framework Foundation -framework CFNetwork -framework SystemConfiguration -framework QuartzCore -framework CoreGraphics -framework CoreMotion -framework CoreTelephony -framework CoreText -framework WebKit";
				PRODUCT_NAME = "$(TARGET_NAME)";
				STRING_CATALOG_GENERATE_SYMBOLS = YES;
				SUPPORTED_PLATFORMS = "iphoneos iphonesimulator";
				SUPPORTS_MACCATALYST = NO;
				SUPPORTS_MAC_DESIGNED_FOR_IPHONE_IPAD = NO;
				SUPPORTS_XR_DESIGNED_FOR_IPHONE_IPAD = NO;
				SWIFT_APPROACHABLE_CONCURRENCY = YES;
				SWIFT_DEFAULT_ACTOR_ISOLATION = MainActor;
				SWIFT_EMIT_LOC_STRINGS = YES;
				SWIFT_UPCOMING_FEATURE_MEMBER_IMPORT_VISIBILITY = YES;
				SWIFT_VERSION = 5.0;
				TARGETED_DEVICE_FAMILY = 1;
			};
			name = Release;
		};
		DE4E1A3E2EB8576E006F59CE /* Debug */ = {
			isa = XCBuildConfiguration;
			buildSettings = {
				BUNDLE_LOADER = "$(TEST_HOST)";
				CODE_SIGN_STYLE = Automatic;
				CURRENT_PROJECT_VERSION = 1;
				GENERATE_INFOPLIST_FILE = YES;
				IPHONEOS_DEPLOYMENT_TARGET = 17.6;
				MARKETING_VERSION = 1.0;
				PRODUCT_BUNDLE_IDENTIFIER = personal.AIskinTests;
				PRODUCT_NAME = "$(TARGET_NAME)";
				STRING_CATALOG_GENERATE_SYMBOLS = NO;
				SWIFT_APPROACHABLE_CONCURRENCY = YES;
				SWIFT_EMIT_LOC_STRINGS = NO;
				SWIFT_UPCOMING_FEATURE_MEMBER_IMPORT_VISIBILITY = YES;
				SWIFT_VERSION = 5.0;
				TARGETED_DEVICE_FAMILY = "1,2";
				TEST_HOST = "$(BUILT_PRODUCTS_DIR)/AIskin.app/$(BUNDLE_EXECUTABLE_FOLDER_PATH)/AIskin";
			};
			name = Debug;
		};
		DE4E1A3F2EB8576E006F59CE /* Release */ = {
			isa = XCBuildConfiguration;
			buildSettings = {
				BUNDLE_LOADER = "$(TEST_HOST)";
				CODE_SIGN_STYLE = Automatic;
				CURRENT_PROJECT_VERSION = 1;
				GENERATE_INFOPLIST_FILE = YES;
				IPHONEOS_DEPLOYMENT_TARGET = 17.6;
				MARKETING_VERSION = 1.0;
				PRODUCT_BUNDLE_IDENTIFIER = personal.AIskinTests;
				PRODUCT_NAME = "$(TARGET_NAME)";
				STRING_CATALOG_GENERATE_SYMBOLS = NO;
				SWIFT_APPROACHABLE_CONCURRENCY = YES;
				SWIFT_EMIT_LOC_STRINGS = NO;
				SWIFT_UPCOMING_FEATURE_MEMBER_IMPORT_VISIBILITY = YES;
				SWIFT_VERSION = 5.0;
				TARGETED_DEVICE_FAMILY = "1,2";
				TEST_HOST = "$(BUILT_PRODUCTS_DIR)/AIskin.app/$(BUNDLE_EXECUTABLE_FOLDER_PATH)/AIskin";
			};
			name = Release;
		};
		DE4E1A412EB8576E006F59CE /* Debug */ = {
			isa = XCBuildConfiguration;
			buildSettings = {
				CODE_SIGN_STYLE = Automatic;
				CURRENT_PROJECT_VERSION = 1;
				GENERATE_INFOPLIST_FILE = YES;
				IPHONEOS_DEPLOYMENT_TARGET = 17.6;
				MARKETING_VERSION = 1.0;
				PRODUCT_BUNDLE_IDENTIFIER = personal.AIskinUITests;
				PRODUCT_NAME = "$(TARGET_NAME)";
				STRING_CATALOG_GENERATE_SYMBOLS = NO;
				SWIFT_APPROACHABLE_CONCURRENCY = YES;
				SWIFT_EMIT_LOC_STRINGS = NO;
				SWIFT_UPCOMING_FEATURE_MEMBER_IMPORT_VISIBILITY = YES;
				SWIFT_VERSION = 5.0;
				TARGETED_DEVICE_FAMILY = "1,2";
				TEST_TARGET_NAME = AIskin;
			};
			name = Debug;
		};
		DE4E1A422EB8576E006F59CE /* Release */ = {
			isa = XCBuildConfiguration;
			buildSettings = {
				CODE_SIGN_STYLE = Automatic;
				CURRENT_PROJECT_VERSION = 1;
				GENERATE_INFOPLIST_FILE = YES;
				IPHONEOS_DEPLOYMENT_TARGET = 17.6;
				MARKETING_VERSION = 1.0;
				PRODUCT_BUNDLE_IDENTIFIER = personal.AIskinUITests;
				PRODUCT_NAME = "$(TARGET_NAME)";
				STRING_CATALOG_GENERATE_SYMBOLS = NO;
				SWIFT_APPROACHABLE_CONCURRENCY = YES;
				SWIFT_EMIT_LOC_STRINGS = NO;
				SWIFT_UPCOMING_FEATURE_MEMBER_IMPORT_VISIBILITY = YES;
				SWIFT_VERSION = 5.0;
				TARGETED_DEVICE_FAMILY = "1,2";
				TEST_TARGET_NAME = AIskin;
			};
			name = Release;
		};
/* End XCBuildConfiguration section */

/* Begin XCConfigurationList section */
		DE4E1A122EB8576C006F59CE /* Build configuration list for PBXProject "AIskin" */ = {
			isa = XCConfigurationList;
			buildConfigurations = (
				DE4E1A382EB8576E006F59CE /* Debug */,
				DE4E1A392EB8576E006F59CE /* Release */,
			);
			defaultConfigurationIsVisible = 0;
			defaultConfigurationName = Release;
		};
		DE4E1A3A2EB8576E006F59CE /* Build configuration list for PBXNativeTarget "AIskin" */ = {
			isa = XCConfigurationList;
			buildConfigurations = (
				DE4E1A3B2EB8576E006F59CE /* Debug */,
				DE4E1A3C2EB8576E006F59CE /* Release */,
			);
			defaultConfigurationIsVisible = 0;
			defaultConfigurationName = Release;
		};
		DE4E1A3D2EB8576E006F59CE /* Build configuration list for PBXNativeTarget "AIskinTests" */ = {
			isa = XCConfigurationList;
			buildConfigurations = (
				DE4E1A3E2EB8576E006F59CE /* Debug */,
				DE4E1A3F2EB8576E006F59CE /* Release */,
			);
			defaultConfigurationIsVisible = 0;
			defaultConfigurationName = Release;
		};
		DE4E1A402EB8576E006F59CE /* Build configuration list for PBXNativeTarget "AIskinUITests" */ = {
			isa = XCConfigurationList;
			buildConfigurations = (
				DE4E1A412EB8576E006F59CE /* Debug */,
				DE4E1A422EB8576E006F59CE /* Release */,
			);
			defaultConfigurationIsVisible = 0;
			defaultConfigurationName = Release;
		};
/* End XCConfigurationList section */

/* Begin XCRemoteSwiftPackageReference section */
		8D7D0A9A2C0E4C3F9D6B2A11 /* XCRemoteSwiftPackageReference "LookinServer" */ = {
			isa = XCRemoteSwiftPackageReference;
			repositoryURL = "https://github.com/QMUI/LookinServer.git";
			requirement = {
				kind = exactVersion;
				version = 1.2.8;
			};
		};
/* End XCRemoteSwiftPackageReference section */

/* Begin XCSwiftPackageProductDependency section */
		8D7D0A9A2C0E4C3F9D6B2A12 /* LookinServer */ = {
			isa = XCSwiftPackageProductDependency;
			package = 8D7D0A9A2C0E4C3F9D6B2A11 /* XCRemoteSwiftPackageReference "LookinServer" */;
			productName = LookinServer;
		};
/* End XCSwiftPackageProductDependency section */
	};
	rootObject = DE4E1A0F2EB8576C006F59CE /* Project object */;
}
